
Microsoft Visual Studio Solution File, Format Version 12.00
# Visual Studio 15
VisualStudioVersion = 15.0.28307.136
MinimumVisualStudioVersion = 10.0.40219.1
Project("{FAE04EC0-301F-11D3-BF4B-00C04F79EFBC}") = "img2pdf", "img2pdf\img2pdf.csproj", "{9AE613F6-D6DD-4E92-93C5-E99C83801E5B}"
EndProject
Global
	GlobalSection(SolutionConfigurationPlatforms) = preSolution
		Debug|Any CPU = Debug|Any CPU
		Release|Any CPU = Release|Any CPU
	EndGlobalSection
	GlobalSection(ProjectConfigurationPlatforms) = postSolution
		{9AE613F6-D6DD-4E92-93C5-E99C83801E5B}.Debug|Any CPU.ActiveCfg = Debug|Any CPU
		{9AE613F6-D6DD-4E92-93C5-E99C83801E5B}.Debug|Any CPU.Build.0 = Debug|Any CPU
		{9AE613F6-D6DD-4E92-93C5-E99C83801E5B}.Release|Any CPU.ActiveCfg = Release|Any CPU
		{9AE613F6-D6DD-4E92-93C5-E99C83801E5B}.Release|Any CPU.Build.0 = Release|Any CPU
	EndGlobalSection
	GlobalSection(SolutionProperties) = preSolution
		HideSolutionNode = FALSE
	EndGlobalSection
	GlobalSection(ExtensibilityGlobals) = postSolution
		SolutionGuid = {5634B753-FA6B-4774-AE23-50187D62F422}
	EndGlobalSection
EndGlobal
